{
  "requires": true,
  "lockfileVersion": 1,
  "dependencies": {
    "sirko": {
      "version": "0.4.0",
      "resolved": "https://registry.npmjs.org/sirko/-/sirko-0.4.0.tgz",
      "integrity": "sha512-5C4ObFcB5GKV2IbeyMlD3ZBCX8IpXogyTQGWr/geWSeWPSITC+5B0dmI/ocebxxohlL72WkTleWuoWynv/dsxA=="
    }
  }
}
