{
  "requires": true,
  "lockfileVersion": 1,
  "dependencies": {
    "sirko": {
      "version": "0.4.1",
      "resolved": "https://registry.npmjs.org/sirko/-/sirko-0.4.1.tgz",
      "integrity": "sha512-cMpW9ANngloQKHxktVDdTTx3qKpMpTtgUsvgt2VZAd6GfzeGXL++VVmNvQuai3O9MlNZzoNHeg71pKnAjeMl9A=="
    }
  }
}
