{
  "requires": true,
  "lockfileVersion": 1,
  "dependencies": {
    "sirko": {
      "version": "0.3.0",
      "resolved": "https://registry.npmjs.org/sirko/-/sirko-0.3.0.tgz",
      "integrity": "sha512-fQjxMtAEfiAacLTQgaA8g6VPysnMDhwr91/GwGuzhiU2QSHuQCz+w9ffiOngJhm7EypxMABJrbZQ2p0CszNdrA=="
    }
  }
}
